
Microsoft Visual Studio Solution File, Format Version 12.00
# Visual Studio 15
VisualStudioVersion = 15.0.28010.2036
MinimumVisualStudioVersion = 10.0.40219.1
Project("{FAE04EC0-301F-11D3-BF4B-00C04F79EFBC}") = "SiseAssignment", "SiseAssignment\SiseAssignment.csproj", "{5B4CB39D-CD55-4762-BD39-966484604CF7}"
EndProject
Project("{FAE04EC0-301F-11D3-BF4B-00C04F79EFBC}") = "DataContract", "DataContract\DataContract.csproj", "{0C81138F-401B-468D-9B25-F09D7955EE38}"
EndProject
Project("{FAE04EC0-301F-11D3-BF4B-00C04F79EFBC}") = "DataLayer", "DataLayer\DataLayer.csproj", "{8A37723A-E8B9-4053-A594-28DBCF71AA09}"
EndProject
Project("{FAE04EC0-301F-11D3-BF4B-00C04F79EFBC}") = "SiseTests", "SiseTests\SiseTests.csproj", "{E8B3312F-16A9-4F4A-8E4C-A9D56CB61B68}"
EndProject
Project("{FAE04EC0-301F-11D3-BF4B-00C04F79EFBC}") = "FifteenConsole", "FifteenConsole\FifteenConsole.csproj", "{3C5D12B4-BED2-4C4D-9B31-E8826715786E}"
EndProject
Global
	GlobalSection(SolutionConfigurationPlatforms) = preSolution
		Debug|Any CPU = Debug|Any CPU
		Release|Any CPU = Release|Any CPU
	EndGlobalSection
	GlobalSection(ProjectConfigurationPlatforms) = postSolution
		{5B4CB39D-CD55-4762-BD39-966484604CF7}.Debug|Any CPU.ActiveCfg = Debug|Any CPU
		{5B4CB39D-CD55-4762-BD39-966484604CF7}.Debug|Any CPU.Build.0 = Debug|Any CPU
		{5B4CB39D-CD55-4762-BD39-966484604CF7}.Release|Any CPU.ActiveCfg = Release|Any CPU
		{5B4CB39D-CD55-4762-BD39-966484604CF7}.Release|Any CPU.Build.0 = Release|Any CPU
		{0C81138F-401B-468D-9B25-F09D7955EE38}.Debug|Any CPU.ActiveCfg = Debug|Any CPU
		{0C81138F-401B-468D-9B25-F09D7955EE38}.Debug|Any CPU.Build.0 = Debug|Any CPU
		{0C81138F-401B-468D-9B25-F09D7955EE38}.Release|Any CPU.ActiveCfg = Release|Any CPU
		{0C81138F-401B-468D-9B25-F09D7955EE38}.Release|Any CPU.Build.0 = Release|Any CPU
		{8A37723A-E8B9-4053-A594-28DBCF71AA09}.Debug|Any CPU.ActiveCfg = Debug|Any CPU
		{8A37723A-E8B9-4053-A594-28DBCF71AA09}.Debug|Any CPU.Build.0 = Debug|Any CPU
		{8A37723A-E8B9-4053-A594-28DBCF71AA09}.Release|Any CPU.ActiveCfg = Release|Any CPU
		{8A37723A-E8B9-4053-A594-28DBCF71AA09}.Release|Any CPU.Build.0 = Release|Any CPU
		{E8B3312F-16A9-4F4A-8E4C-A9D56CB61B68}.Debug|Any CPU.ActiveCfg = Debug|Any CPU
		{E8B3312F-16A9-4F4A-8E4C-A9D56CB61B68}.Debug|Any CPU.Build.0 = Debug|Any CPU
		{E8B3312F-16A9-4F4A-8E4C-A9D56CB61B68}.Release|Any CPU.ActiveCfg = Release|Any CPU
		{E8B3312F-16A9-4F4A-8E4C-A9D56CB61B68}.Release|Any CPU.Build.0 = Release|Any CPU
		{3C5D12B4-BED2-4C4D-9B31-E8826715786E}.Debug|Any CPU.ActiveCfg = Debug|Any CPU
		{3C5D12B4-BED2-4C4D-9B31-E8826715786E}.Debug|Any CPU.Build.0 = Debug|Any CPU
		{3C5D12B4-BED2-4C4D-9B31-E8826715786E}.Release|Any CPU.ActiveCfg = Release|Any CPU
		{3C5D12B4-BED2-4C4D-9B31-E8826715786E}.Release|Any CPU.Build.0 = Release|Any CPU
	EndGlobalSection
	GlobalSection(SolutionProperties) = preSolution
		HideSolutionNode = FALSE
	EndGlobalSection
	GlobalSection(ExtensibilityGlobals) = postSolution
		SolutionGuid = {DDE119C7-43B6-4333-90C2-6DE60A67645F}
	EndGlobalSection
EndGlobal
